
Microsoft Visual Studio Solution File, Format Version 12.00
# Visual Studio Version 16
VisualStudioVersion = 16.0.28922.388
MinimumVisualStudioVersion = 10.0.40219.1
Project("{FAE04EC0-301F-11D3-BF4B-00C04F79EFBC}") = "Nissim.On.PhoneBook", "Nissim.On.PhoneBook\Nissim.On.PhoneBook.csproj", "{BAABF519-2DD7-4820-8850-32C57AD0731C}"
EndProject
Project("{FAE04EC0-301F-11D3-BF4B-00C04F79EFBC}") = "Nissim.On.PhoneBook.DL", "Nissim.On.PhoneBook.DL\Nissim.On.PhoneBook.DL.csproj", "{27617A06-8021-43B0-BEAA-C551C34A56AE}"
EndProject
Project("{FAE04EC0-301F-11D3-BF4B-00C04F79EFBC}") = "Nissim.On.Repository", "Nissim.On.Repository\Nissim.On.Repository.csproj", "{4306CFF4-AF8D-465B-A01C-29E91B7763F6}"
EndProject
Project("{FAE04EC0-301F-11D3-BF4B-00C04F79EFBC}") = "Nissim.On.PhoneBool.BL", "Nissim.On.PhoneBool.BL\Nissim.On.PhoneBool.BL.csproj", "{5A6FD5D4-4CA9-4E20-986B-932107181D65}"
EndProject
Global
	GlobalSection(SolutionConfigurationPlatforms) = preSolution
		Debug|Any CPU = Debug|Any CPU
		Release|Any CPU = Release|Any CPU
	EndGlobalSection
	GlobalSection(ProjectConfigurationPlatforms) = postSolution
		{BAABF519-2DD7-4820-8850-32C57AD0731C}.Debug|Any CPU.ActiveCfg = Debug|Any CPU
		{BAABF519-2DD7-4820-8850-32C57AD0731C}.Debug|Any CPU.Build.0 = Debug|Any CPU
		{BAABF519-2DD7-4820-8850-32C57AD0731C}.Release|Any CPU.ActiveCfg = Release|Any CPU
		{BAABF519-2DD7-4820-8850-32C57AD0731C}.Release|Any CPU.Build.0 = Release|Any CPU
		{27617A06-8021-43B0-BEAA-C551C34A56AE}.Debug|Any CPU.ActiveCfg = Debug|Any CPU
		{27617A06-8021-43B0-BEAA-C551C34A56AE}.Debug|Any CPU.Build.0 = Debug|Any CPU
		{27617A06-8021-43B0-BEAA-C551C34A56AE}.Release|Any CPU.ActiveCfg = Release|Any CPU
		{27617A06-8021-43B0-BEAA-C551C34A56AE}.Release|Any CPU.Build.0 = Release|Any CPU
		{4306CFF4-AF8D-465B-A01C-29E91B7763F6}.Debug|Any CPU.ActiveCfg = Debug|Any CPU
		{4306CFF4-AF8D-465B-A01C-29E91B7763F6}.Debug|Any CPU.Build.0 = Debug|Any CPU
		{4306CFF4-AF8D-465B-A01C-29E91B7763F6}.Release|Any CPU.ActiveCfg = Release|Any CPU
		{4306CFF4-AF8D-465B-A01C-29E91B7763F6}.Release|Any CPU.Build.0 = Release|Any CPU
		{5A6FD5D4-4CA9-4E20-986B-932107181D65}.Debug|Any CPU.ActiveCfg = Debug|Any CPU
		{5A6FD5D4-4CA9-4E20-986B-932107181D65}.Debug|Any CPU.Build.0 = Debug|Any CPU
		{5A6FD5D4-4CA9-4E20-986B-932107181D65}.Release|Any CPU.ActiveCfg = Release|Any CPU
		{5A6FD5D4-4CA9-4E20-986B-932107181D65}.Release|Any CPU.Build.0 = Release|Any CPU
	EndGlobalSection
	GlobalSection(SolutionProperties) = preSolution
		HideSolutionNode = FALSE
	EndGlobalSection
	GlobalSection(ExtensibilityGlobals) = postSolution
		SolutionGuid = {1E87FC08-50EF-4626-9737-27EDEC1377BE}
	EndGlobalSection
EndGlobal
